# This file is automatically @generated by Cargo.
# It is not intended for manual editing.
version = 4

[[package]]
name = "callgrind-annotate"
version = "0.0.0"
dependencies = [
 "callgrind-parser",
]

[[package]]
name = "callgrind-parser"
version = "0.0.0"

[[package]]
name = "callgrind2pprof"
version = "0.0.0"
dependencies = [
 "callgrind-parser",
]

[[package]]
name = "textgrind"
version = "0.0.0"
dependencies = [
 "callgrind-parser",
]

[[package]]
name = "webgrind"
version = "0.0.0"
dependencies = [
 "callgrind-parser",
]
